
Microsoft Visual Studio Solution File, Format Version 12.00
Project("{FAE04EC0-301F-11D3-BF4B-00C04F79EFBC}") = "CodeGenerator", "CodeGenerator.csproj", "{5265B501-3AA1-40B9-A28A-D38A91E7169D}"
EndProject
Project("{FAE04EC0-301F-11D3-BF4B-00C04F79EFBC}") = "StdOttStandardLib", "..\StdOttLib\StdOttStandardLib\StdOttStandardLib.csproj", "{0E4BF21C-5BF6-41C3-AB67-A5D788D3EF9E}"
EndProject
Project("{FAE04EC0-301F-11D3-BF4B-00C04F79EFBC}") = "StdOttFrameworkLib", "..\StdOttLib\StdOttFrameworkLib\StdOttFrameworkLib.csproj", "{D1334524-78A5-4D16-93BF-27A57C6DBE56}"
EndProject
Global
	GlobalSection(SolutionConfigurationPlatforms) = preSolution
		Debug|Any CPU = Debug|Any CPU
		Release|Any CPU = Release|Any CPU
	EndGlobalSection
	GlobalSection(ProjectConfigurationPlatforms) = postSolution
		{5265B501-3AA1-40B9-A28A-D38A91E7169D}.Debug|Any CPU.ActiveCfg = Debug|Any CPU
		{5265B501-3AA1-40B9-A28A-D38A91E7169D}.Debug|Any CPU.Build.0 = Debug|Any CPU
		{5265B501-3AA1-40B9-A28A-D38A91E7169D}.Release|Any CPU.ActiveCfg = Release|Any CPU
		{5265B501-3AA1-40B9-A28A-D38A91E7169D}.Release|Any CPU.Build.0 = Release|Any CPU
		{0E4BF21C-5BF6-41C3-AB67-A5D788D3EF9E}.Debug|Any CPU.ActiveCfg = Debug|Any CPU
		{0E4BF21C-5BF6-41C3-AB67-A5D788D3EF9E}.Debug|Any CPU.Build.0 = Debug|Any CPU
		{0E4BF21C-5BF6-41C3-AB67-A5D788D3EF9E}.Release|Any CPU.ActiveCfg = Release|Any CPU
		{0E4BF21C-5BF6-41C3-AB67-A5D788D3EF9E}.Release|Any CPU.Build.0 = Release|Any CPU
		{D1334524-78A5-4D16-93BF-27A57C6DBE56}.Debug|Any CPU.ActiveCfg = Debug|Any CPU
		{D1334524-78A5-4D16-93BF-27A57C6DBE56}.Debug|Any CPU.Build.0 = Debug|Any CPU
		{D1334524-78A5-4D16-93BF-27A57C6DBE56}.Release|Any CPU.ActiveCfg = Release|Any CPU
		{D1334524-78A5-4D16-93BF-27A57C6DBE56}.Release|Any CPU.Build.0 = Release|Any CPU
	EndGlobalSection
EndGlobal
